
Microsoft Visual Studio Solution File, Format Version 12.00
# Visual Studio Version 16
VisualStudioVersion = 16.0.29609.76
MinimumVisualStudioVersion = 10.0.40219.1
Project("{FAE04EC0-301F-11D3-BF4B-00C04F79EFBC}") = "nombreMagique.Android", "nombreMagique\nombreMagique.Android\nombreMagique.Android.csproj", "{B250973B-837E-41BA-B2AE-41AB59B41CF6}"
EndProject
Project("{FAE04EC0-301F-11D3-BF4B-00C04F79EFBC}") = "nombreMagique.iOS", "nombreMagique\nombreMagique.iOS\nombreMagique.iOS.csproj", "{8157C346-0BD4-49E7-ADB2-EF1BA8D9F1BB}"
EndProject
Project("{FAE04EC0-301F-11D3-BF4B-00C04F79EFBC}") = "nombreMagique", "nombreMagique\nombreMagique\nombreMagique.csproj", "{F7AA3E65-182F-4F87-B68E-D51A3108B6AC}"
EndProject
Global
	GlobalSection(SolutionConfigurationPlatforms) = preSolution
		Debug|Any CPU = Debug|Any CPU
		Debug|iPhone = Debug|iPhone
		Debug|iPhoneSimulator = Debug|iPhoneSimulator
		Release|Any CPU = Release|Any CPU
		Release|iPhone = Release|iPhone
		Release|iPhoneSimulator = Release|iPhoneSimulator
	EndGlobalSection
	GlobalSection(ProjectConfigurationPlatforms) = postSolution
		{B250973B-837E-41BA-B2AE-41AB59B41CF6}.Debug|Any CPU.ActiveCfg = Debug|Any CPU
		{B250973B-837E-41BA-B2AE-41AB59B41CF6}.Debug|Any CPU.Build.0 = Debug|Any CPU
		{B250973B-837E-41BA-B2AE-41AB59B41CF6}.Debug|Any CPU.Deploy.0 = Debug|Any CPU
		{B250973B-837E-41BA-B2AE-41AB59B41CF6}.Debug|iPhone.ActiveCfg = Debug|Any CPU
		{B250973B-837E-41BA-B2AE-41AB59B41CF6}.Debug|iPhone.Build.0 = Debug|Any CPU
		{B250973B-837E-41BA-B2AE-41AB59B41CF6}.Debug|iPhone.Deploy.0 = Debug|Any CPU
		{B250973B-837E-41BA-B2AE-41AB59B41CF6}.Debug|iPhoneSimulator.ActiveCfg = Debug|Any CPU
		{B250973B-837E-41BA-B2AE-41AB59B41CF6}.Debug|iPhoneSimulator.Build.0 = Debug|Any CPU
		{B250973B-837E-41BA-B2AE-41AB59B41CF6}.Debug|iPhoneSimulator.Deploy.0 = Debug|Any CPU
		{B250973B-837E-41BA-B2AE-41AB59B41CF6}.Release|Any CPU.ActiveCfg = Release|Any CPU
		{B250973B-837E-41BA-B2AE-41AB59B41CF6}.Release|Any CPU.Build.0 = Release|Any CPU
		{B250973B-837E-41BA-B2AE-41AB59B41CF6}.Release|Any CPU.Deploy.0 = Release|Any CPU
		{B250973B-837E-41BA-B2AE-41AB59B41CF6}.Release|iPhone.ActiveCfg = Release|Any CPU
		{B250973B-837E-41BA-B2AE-41AB59B41CF6}.Release|iPhone.Build.0 = Release|Any CPU
		{B250973B-837E-41BA-B2AE-41AB59B41CF6}.Release|iPhone.Deploy.0 = Release|Any CPU
		{B250973B-837E-41BA-B2AE-41AB59B41CF6}.Release|iPhoneSimulator.ActiveCfg = Release|Any CPU
		{B250973B-837E-41BA-B2AE-41AB59B41CF6}.Release|iPhoneSimulator.Build.0 = Release|Any CPU
		{B250973B-837E-41BA-B2AE-41AB59B41CF6}.Release|iPhoneSimulator.Deploy.0 = Release|Any CPU
		{8157C346-0BD4-49E7-ADB2-EF1BA8D9F1BB}.Debug|Any CPU.ActiveCfg = Debug|iPhoneSimulator
		{8157C346-0BD4-49E7-ADB2-EF1BA8D9F1BB}.Debug|Any CPU.Build.0 = Debug|iPhoneSimulator
		{8157C346-0BD4-49E7-ADB2-EF1BA8D9F1BB}.Debug|Any CPU.Deploy.0 = Debug|iPhoneSimulator
		{8157C346-0BD4-49E7-ADB2-EF1BA8D9F1BB}.Debug|iPhone.ActiveCfg = Debug|iPhone
		{8157C346-0BD4-49E7-ADB2-EF1BA8D9F1BB}.Debug|iPhone.Build.0 = Debug|iPhone
		{8157C346-0BD4-49E7-ADB2-EF1BA8D9F1BB}.Debug|iPhone.Deploy.0 = Debug|iPhone
		{8157C346-0BD4-49E7-ADB2-EF1BA8D9F1BB}.Debug|iPhoneSimulator.ActiveCfg = Debug|iPhoneSimulator
		{8157C346-0BD4-49E7-ADB2-EF1BA8D9F1BB}.Debug|iPhoneSimulator.Build.0 = Debug|iPhoneSimulator
		{8157C346-0BD4-49E7-ADB2-EF1BA8D9F1BB}.Debug|iPhoneSimulator.Deploy.0 = Debug|iPhoneSimulator
		{8157C346-0BD4-49E7-ADB2-EF1BA8D9F1BB}.Release|Any CPU.ActiveCfg = Release|iPhone
		{8157C346-0BD4-49E7-ADB2-EF1BA8D9F1BB}.Release|Any CPU.Build.0 = Release|iPhone
		{8157C346-0BD4-49E7-ADB2-EF1BA8D9F1BB}.Release|Any CPU.Deploy.0 = Release|iPhone
		{8157C346-0BD4-49E7-ADB2-EF1BA8D9F1BB}.Release|iPhone.ActiveCfg = Release|iPhone
		{8157C346-0BD4-49E7-ADB2-EF1BA8D9F1BB}.Release|iPhone.Build.0 = Release|iPhone
		{8157C346-0BD4-49E7-ADB2-EF1BA8D9F1BB}.Release|iPhone.Deploy.0 = Release|iPhone
		{8157C346-0BD4-49E7-ADB2-EF1BA8D9F1BB}.Release|iPhoneSimulator.ActiveCfg = Release|iPhoneSimulator
		{8157C346-0BD4-49E7-ADB2-EF1BA8D9F1BB}.Release|iPhoneSimulator.Build.0 = Release|iPhoneSimulator
		{8157C346-0BD4-49E7-ADB2-EF1BA8D9F1BB}.Release|iPhoneSimulator.Deploy.0 = Release|iPhoneSimulator
		{F7AA3E65-182F-4F87-B68E-D51A3108B6AC}.Debug|Any CPU.ActiveCfg = Debug|Any CPU
		{F7AA3E65-182F-4F87-B68E-D51A3108B6AC}.Debug|Any CPU.Build.0 = Debug|Any CPU
		{F7AA3E65-182F-4F87-B68E-D51A3108B6AC}.Debug|Any CPU.Deploy.0 = Debug|Any CPU
		{F7AA3E65-182F-4F87-B68E-D51A3108B6AC}.Debug|iPhone.ActiveCfg = Debug|Any CPU
		{F7AA3E65-182F-4F87-B68E-D51A3108B6AC}.Debug|iPhone.Build.0 = Debug|Any CPU
		{F7AA3E65-182F-4F87-B68E-D51A3108B6AC}.Debug|iPhone.Deploy.0 = Debug|Any CPU
		{F7AA3E65-182F-4F87-B68E-D51A3108B6AC}.Debug|iPhoneSimulator.ActiveCfg = Debug|Any CPU
		{F7AA3E65-182F-4F87-B68E-D51A3108B6AC}.Debug|iPhoneSimulator.Build.0 = Debug|Any CPU
		{F7AA3E65-182F-4F87-B68E-D51A3108B6AC}.Debug|iPhoneSimulator.Deploy.0 = Debug|Any CPU
		{F7AA3E65-182F-4F87-B68E-D51A3108B6AC}.Release|Any CPU.ActiveCfg = Release|Any CPU
		{F7AA3E65-182F-4F87-B68E-D51A3108B6AC}.Release|Any CPU.Build.0 = Release|Any CPU
		{F7AA3E65-182F-4F87-B68E-D51A3108B6AC}.Release|Any CPU.Deploy.0 = Release|Any CPU
		{F7AA3E65-182F-4F87-B68E-D51A3108B6AC}.Release|iPhone.ActiveCfg = Release|Any CPU
		{F7AA3E65-182F-4F87-B68E-D51A3108B6AC}.Release|iPhone.Build.0 = Release|Any CPU
		{F7AA3E65-182F-4F87-B68E-D51A3108B6AC}.Release|iPhone.Deploy.0 = Release|Any CPU
		{F7AA3E65-182F-4F87-B68E-D51A3108B6AC}.Release|iPhoneSimulator.ActiveCfg = Release|Any CPU
		{F7AA3E65-182F-4F87-B68E-D51A3108B6AC}.Release|iPhoneSimulator.Build.0 = Release|Any CPU
		{F7AA3E65-182F-4F87-B68E-D51A3108B6AC}.Release|iPhoneSimulator.Deploy.0 = Release|Any CPU
	EndGlobalSection
	GlobalSection(SolutionProperties) = preSolution
		HideSolutionNode = FALSE
	EndGlobalSection
	GlobalSection(ExtensibilityGlobals) = postSolution
		SolutionGuid = {56F0906A-B458-4258-935B-1CE97E8E0DCA}
	EndGlobalSection
EndGlobal
